
Microsoft Visual Studio Solution File, Format Version 12.00
# Visual Studio 2012
Project("{CC5FD16D-436D-48AD-A40C-5A424C6E3E79}") = "PuzzlesAPI.AzureDeployment", "PuzzlesAPI.AzureDeployment\PuzzlesAPI.AzureDeployment.ccproj", "{2D1D863F-0488-4074-9970-59DD5A20D0B4}"
EndProject
Project("{FAE04EC0-301F-11D3-BF4B-00C04F79EFBC}") = "PuzzlesAPI.WebRole", "PuzzlesAPI.WebRole\PuzzlesAPI.WebRole.csproj", "{D1AB0D7C-800F-4ACC-992C-9B36D3B0438E}"
EndProject
Project("{FAE04EC0-301F-11D3-BF4B-00C04F79EFBC}") = "Puzzles.Contract", "Puzzles.Contract\Puzzles.Contract.csproj", "{AE03373E-0BCD-4FE9-B2C2-37618DC77861}"
EndProject
Project("{FAE04EC0-301F-11D3-BF4B-00C04F79EFBC}") = "RushHour", "RushHour\RushHour.csproj", "{8B3332DC-3D7C-4988-9AAC-4A2B2074BBA6}"
EndProject
Project("{FAE04EC0-301F-11D3-BF4B-00C04F79EFBC}") = "Puzzles.Common", "Puzzles.Common\Puzzles.Common.csproj", "{578BE13E-5D7B-45F1-956D-3F2E05B215B4}"
EndProject
Project("{FAE04EC0-301F-11D3-BF4B-00C04F79EFBC}") = "WebApplication1", "WebApplication1\WebApplication1.csproj", "{8D242099-E224-428A-A756-F629C00E8157}"
EndProject
Project("{2150E333-8FDC-42A3-9474-1A3956D46DE8}") = "Puzzles", "Puzzles", "{CED8E69A-FE94-4722-A0A4-E17F556DEDF9}"
EndProject
Project("{2150E333-8FDC-42A3-9474-1A3956D46DE8}") = "Clients", "Clients", "{2985A725-EE82-4975-AF38-F5D789172E5C}"
EndProject
Project("{262852C6-CD72-467D-83FE-5EEB1973A190}") = "Windows8Client", "Windows8Client\Windows8Client\Windows8Client.jsproj", "{09481FFF-8BF3-431F-826C-D1418EC55207}"
EndProject
Global
	GlobalSection(SolutionConfigurationPlatforms) = preSolution
		Debug|Any CPU = Debug|Any CPU
		Debug|ARM = Debug|ARM
		Debug|x64 = Debug|x64
		Debug|x86 = Debug|x86
		Release|Any CPU = Release|Any CPU
		Release|ARM = Release|ARM
		Release|x64 = Release|x64
		Release|x86 = Release|x86
	EndGlobalSection
	GlobalSection(ProjectConfigurationPlatforms) = postSolution
		{2D1D863F-0488-4074-9970-59DD5A20D0B4}.Debug|Any CPU.ActiveCfg = Debug|Any CPU
		{2D1D863F-0488-4074-9970-59DD5A20D0B4}.Debug|Any CPU.Build.0 = Debug|Any CPU
		{2D1D863F-0488-4074-9970-59DD5A20D0B4}.Debug|ARM.ActiveCfg = Debug|Any CPU
		{2D1D863F-0488-4074-9970-59DD5A20D0B4}.Debug|x64.ActiveCfg = Debug|Any CPU
		{2D1D863F-0488-4074-9970-59DD5A20D0B4}.Debug|x86.ActiveCfg = Debug|Any CPU
		{2D1D863F-0488-4074-9970-59DD5A20D0B4}.Release|Any CPU.ActiveCfg = Release|Any CPU
		{2D1D863F-0488-4074-9970-59DD5A20D0B4}.Release|Any CPU.Build.0 = Release|Any CPU
		{2D1D863F-0488-4074-9970-59DD5A20D0B4}.Release|ARM.ActiveCfg = Release|Any CPU
		{2D1D863F-0488-4074-9970-59DD5A20D0B4}.Release|x64.ActiveCfg = Release|Any CPU
		{2D1D863F-0488-4074-9970-59DD5A20D0B4}.Release|x86.ActiveCfg = Release|Any CPU
		{D1AB0D7C-800F-4ACC-992C-9B36D3B0438E}.Debug|Any CPU.ActiveCfg = Debug|Any CPU
		{D1AB0D7C-800F-4ACC-992C-9B36D3B0438E}.Debug|Any CPU.Build.0 = Debug|Any CPU
		{D1AB0D7C-800F-4ACC-992C-9B36D3B0438E}.Debug|ARM.ActiveCfg = Debug|Any CPU
		{D1AB0D7C-800F-4ACC-992C-9B36D3B0438E}.Debug|x64.ActiveCfg = Debug|Any CPU
		{D1AB0D7C-800F-4ACC-992C-9B36D3B0438E}.Debug|x86.ActiveCfg = Debug|Any CPU
		{D1AB0D7C-800F-4ACC-992C-9B36D3B0438E}.Release|Any CPU.ActiveCfg = Release|Any CPU
		{D1AB0D7C-800F-4ACC-992C-9B36D3B0438E}.Release|Any CPU.Build.0 = Release|Any CPU
		{D1AB0D7C-800F-4ACC-992C-9B36D3B0438E}.Release|ARM.ActiveCfg = Release|Any CPU
		{D1AB0D7C-800F-4ACC-992C-9B36D3B0438E}.Release|x64.ActiveCfg = Release|Any CPU
		{D1AB0D7C-800F-4ACC-992C-9B36D3B0438E}.Release|x86.ActiveCfg = Release|Any CPU
		{AE03373E-0BCD-4FE9-B2C2-37618DC77861}.Debug|Any CPU.ActiveCfg = Debug|Any CPU
		{AE03373E-0BCD-4FE9-B2C2-37618DC77861}.Debug|Any CPU.Build.0 = Debug|Any CPU
		{AE03373E-0BCD-4FE9-B2C2-37618DC77861}.Debug|ARM.ActiveCfg = Debug|Any CPU
		{AE03373E-0BCD-4FE9-B2C2-37618DC77861}.Debug|x64.ActiveCfg = Debug|Any CPU
		{AE03373E-0BCD-4FE9-B2C2-37618DC77861}.Debug|x86.ActiveCfg = Debug|Any CPU
		{AE03373E-0BCD-4FE9-B2C2-37618DC77861}.Release|Any CPU.ActiveCfg = Release|Any CPU
		{AE03373E-0BCD-4FE9-B2C2-37618DC77861}.Release|Any CPU.Build.0 = Release|Any CPU
		{AE03373E-0BCD-4FE9-B2C2-37618DC77861}.Release|ARM.ActiveCfg = Release|Any CPU
		{AE03373E-0BCD-4FE9-B2C2-37618DC77861}.Release|x64.ActiveCfg = Release|Any CPU
		{AE03373E-0BCD-4FE9-B2C2-37618DC77861}.Release|x86.ActiveCfg = Release|Any CPU
		{8B3332DC-3D7C-4988-9AAC-4A2B2074BBA6}.Debug|Any CPU.ActiveCfg = Debug|Any CPU
		{8B3332DC-3D7C-4988-9AAC-4A2B2074BBA6}.Debug|Any CPU.Build.0 = Debug|Any CPU
		{8B3332DC-3D7C-4988-9AAC-4A2B2074BBA6}.Debug|ARM.ActiveCfg = Debug|Any CPU
		{8B3332DC-3D7C-4988-9AAC-4A2B2074BBA6}.Debug|x64.ActiveCfg = Debug|Any CPU
		{8B3332DC-3D7C-4988-9AAC-4A2B2074BBA6}.Debug|x86.ActiveCfg = Debug|Any CPU
		{8B3332DC-3D7C-4988-9AAC-4A2B2074BBA6}.Release|Any CPU.ActiveCfg = Release|Any CPU
		{8B3332DC-3D7C-4988-9AAC-4A2B2074BBA6}.Release|Any CPU.Build.0 = Release|Any CPU
		{8B3332DC-3D7C-4988-9AAC-4A2B2074BBA6}.Release|ARM.ActiveCfg = Release|Any CPU
		{8B3332DC-3D7C-4988-9AAC-4A2B2074BBA6}.Release|x64.ActiveCfg = Release|Any CPU
		{8B3332DC-3D7C-4988-9AAC-4A2B2074BBA6}.Release|x86.ActiveCfg = Release|Any CPU
		{578BE13E-5D7B-45F1-956D-3F2E05B215B4}.Debug|Any CPU.ActiveCfg = Debug|Any CPU
		{578BE13E-5D7B-45F1-956D-3F2E05B215B4}.Debug|Any CPU.Build.0 = Debug|Any CPU
		{578BE13E-5D7B-45F1-956D-3F2E05B215B4}.Debug|ARM.ActiveCfg = Debug|Any CPU
		{578BE13E-5D7B-45F1-956D-3F2E05B215B4}.Debug|x64.ActiveCfg = Debug|Any CPU
		{578BE13E-5D7B-45F1-956D-3F2E05B215B4}.Debug|x86.ActiveCfg = Debug|Any CPU
		{578BE13E-5D7B-45F1-956D-3F2E05B215B4}.Release|Any CPU.ActiveCfg = Release|Any CPU
		{578BE13E-5D7B-45F1-956D-3F2E05B215B4}.Release|Any CPU.Build.0 = Release|Any CPU
		{578BE13E-5D7B-45F1-956D-3F2E05B215B4}.Release|ARM.ActiveCfg = Release|Any CPU
		{578BE13E-5D7B-45F1-956D-3F2E05B215B4}.Release|x64.ActiveCfg = Release|Any CPU
		{578BE13E-5D7B-45F1-956D-3F2E05B215B4}.Release|x86.ActiveCfg = Release|Any CPU
		{8D242099-E224-428A-A756-F629C00E8157}.Debug|Any CPU.ActiveCfg = Debug|Any CPU
		{8D242099-E224-428A-A756-F629C00E8157}.Debug|Any CPU.Build.0 = Debug|Any CPU
		{8D242099-E224-428A-A756-F629C00E8157}.Debug|ARM.ActiveCfg = Debug|Any CPU
		{8D242099-E224-428A-A756-F629C00E8157}.Debug|x64.ActiveCfg = Debug|Any CPU
		{8D242099-E224-428A-A756-F629C00E8157}.Debug|x86.ActiveCfg = Debug|Any CPU
		{8D242099-E224-428A-A756-F629C00E8157}.Release|Any CPU.ActiveCfg = Release|Any CPU
		{8D242099-E224-428A-A756-F629C00E8157}.Release|Any CPU.Build.0 = Release|Any CPU
		{8D242099-E224-428A-A756-F629C00E8157}.Release|ARM.ActiveCfg = Release|Any CPU
		{8D242099-E224-428A-A756-F629C00E8157}.Release|x64.ActiveCfg = Release|Any CPU
		{8D242099-E224-428A-A756-F629C00E8157}.Release|x86.ActiveCfg = Release|Any CPU
		{09481FFF-8BF3-431F-826C-D1418EC55207}.Debug|Any CPU.ActiveCfg = Debug|Any CPU
		{09481FFF-8BF3-431F-826C-D1418EC55207}.Debug|Any CPU.Build.0 = Debug|Any CPU
		{09481FFF-8BF3-431F-826C-D1418EC55207}.Debug|Any CPU.Deploy.0 = Debug|Any CPU
		{09481FFF-8BF3-431F-826C-D1418EC55207}.Debug|ARM.ActiveCfg = Debug|ARM
		{09481FFF-8BF3-431F-826C-D1418EC55207}.Debug|ARM.Build.0 = Debug|ARM
		{09481FFF-8BF3-431F-826C-D1418EC55207}.Debug|ARM.Deploy.0 = Debug|ARM
		{09481FFF-8BF3-431F-826C-D1418EC55207}.Debug|x64.ActiveCfg = Debug|x64
		{09481FFF-8BF3-431F-826C-D1418EC55207}.Debug|x64.Build.0 = Debug|x64
		{09481FFF-8BF3-431F-826C-D1418EC55207}.Debug|x64.Deploy.0 = Debug|x64
		{09481FFF-8BF3-431F-826C-D1418EC55207}.Debug|x86.ActiveCfg = Debug|x86
		{09481FFF-8BF3-431F-826C-D1418EC55207}.Debug|x86.Build.0 = Debug|x86
		{09481FFF-8BF3-431F-826C-D1418EC55207}.Debug|x86.Deploy.0 = Debug|x86
		{09481FFF-8BF3-431F-826C-D1418EC55207}.Release|Any CPU.ActiveCfg = Release|Any CPU
		{09481FFF-8BF3-431F-826C-D1418EC55207}.Release|Any CPU.Build.0 = Release|Any CPU
		{09481FFF-8BF3-431F-826C-D1418EC55207}.Release|Any CPU.Deploy.0 = Release|Any CPU
		{09481FFF-8BF3-431F-826C-D1418EC55207}.Release|ARM.ActiveCfg = Release|ARM
		{09481FFF-8BF3-431F-826C-D1418EC55207}.Release|ARM.Build.0 = Release|ARM
		{09481FFF-8BF3-431F-826C-D1418EC55207}.Release|ARM.Deploy.0 = Release|ARM
		{09481FFF-8BF3-431F-826C-D1418EC55207}.Release|x64.ActiveCfg = Release|x64
		{09481FFF-8BF3-431F-826C-D1418EC55207}.Release|x64.Build.0 = Release|x64
		{09481FFF-8BF3-431F-826C-D1418EC55207}.Release|x64.Deploy.0 = Release|x64
		{09481FFF-8BF3-431F-826C-D1418EC55207}.Release|x86.ActiveCfg = Release|x86
		{09481FFF-8BF3-431F-826C-D1418EC55207}.Release|x86.Build.0 = Release|x86
		{09481FFF-8BF3-431F-826C-D1418EC55207}.Release|x86.Deploy.0 = Release|x86
	EndGlobalSection
	GlobalSection(SolutionProperties) = preSolution
		HideSolutionNode = FALSE
	EndGlobalSection
	GlobalSection(NestedProjects) = preSolution
		{8B3332DC-3D7C-4988-9AAC-4A2B2074BBA6} = {CED8E69A-FE94-4722-A0A4-E17F556DEDF9}
		{09481FFF-8BF3-431F-826C-D1418EC55207} = {2985A725-EE82-4975-AF38-F5D789172E5C}
	EndGlobalSection
EndGlobal
